
Microsoft Visual Studio Solution File, Format Version 12.00
# Visual Studio Version 17
VisualStudioVersion = 17.5.002.0
MinimumVisualStudioVersion = 10.0.40219.1
Project("{9A19103F-16F7-4668-BE54-9A1E7A4F7556}") = "DesafioPOO", "DesafioPOO.csproj", "{036D940E-AB23-44C7-8E2E-0D74162BE0B5}"
EndProject
Global
	GlobalSection(SolutionConfigurationPlatforms) = preSolution
		Debug|Any CPU = Debug|Any CPU
		Release|Any CPU = Release|Any CPU
	EndGlobalSection
	GlobalSection(ProjectConfigurationPlatforms) = postSolution
		{036D940E-AB23-44C7-8E2E-0D74162BE0B5}.Debug|Any CPU.ActiveCfg = Debug|Any CPU
		{036D940E-AB23-44C7-8E2E-0D74162BE0B5}.Debug|Any CPU.Build.0 = Debug|Any CPU
		{036D940E-AB23-44C7-8E2E-0D74162BE0B5}.Release|Any CPU.ActiveCfg = Release|Any CPU
		{036D940E-AB23-44C7-8E2E-0D74162BE0B5}.Release|Any CPU.Build.0 = Release|Any CPU
	EndGlobalSection
	GlobalSection(SolutionProperties) = preSolution
		HideSolutionNode = FALSE
	EndGlobalSection
	GlobalSection(ExtensibilityGlobals) = postSolution
		SolutionGuid = {64763099-5A82-4359-A20C-531E3334BEE7}
	EndGlobalSection
EndGlobal
